{
  "name": "hr-employee-portal-worker-api",
  "lockfileVersion": 3,
  "requires": true,
  "packages": {
    "": {
      "name": "hr-employee-portal-worker-api",
      "dependencies": {
        "jose": "^6.1.0"
      },
      "devDependencies": {
        "@cloudflare/workers-types": "^5.20261001.1",
        "typescript": "^6.0.3"
      }
    },
    "node_modules/@cloudflare/workers-types": {
      "version": "5.20261006.1",
      "resolved": "https://registry.npmjs.org/@cloudflare/workers-types/-/workers-types-5.20261006.1.tgz",
      "integrity": "sha512-5OclwQK1d8f5LCPvOlyldC3ryKLUa4nLXegcgPZeUxAPudczQ9xujJDdpS2Tenp7JqbBLW3OgGciHJmuc7QShg==",
      "dev": true,
      "license": "MIT OR Apache-2.0"
    },
    "node_modules/jose": {
      "version": "6.2.12",
      "resolved": "https://registry.npmjs.org/jose/-/jose-6.2.12.tgz",
      "integrity": "sha512-9NiFmJEex0sy2Dk58j2UGBSHgUs2ypF9eZSu4L6vjOX3Dp96Sw1F3uL+H+D1sx02jZZdzUT0HgvCy59CuvXcWw==",
      "license": "MIT",
      "funding": {
        "url": "https://github.com/sponsors/panva"
      }
    },
    "node_modules/typescript": {
      "version": "6.0.3",
      "resolved": "https://registry.npmjs.org/typescript/-/typescript-6.0.3.tgz",
      "integrity": "sha512-y2TvuxSZPDyQakkFRPZHKFm+KKVqIisdg9/CZwm9ftvKXLP8NRWj38/ODjNbr43SsoXqNuAisEf1GdCxqWcdBw==",
      "dev": true,
      "license": "Apache-2.0",
      "bin": {
        "tsc": "bin/tsc",
        "tsserver": "bin/tsserver"
      },
      "engines": {
        "node": ">=14.17"
      }
    }
  }
}
